Microsoft Visual Studio Solution File, Format Version 12.00
# Visual Studio Version 17
VisualStudioVersion = 17.5.2.0
MinimumVisualStudioVersion = 10.0.40219.1
Project("{FAE04EC0-301F-11D3-BF4B-00C04F79EFBC}") = "TempApp", "TempApp\TempApp.csproj", "{E13059D7-6415-593A-7988-CD1963B4B59F}"
EndProject
Global
	GlobalSection(SolutionConfigurationPlatforms) = preSolution
		Debug|Any CPU = Debug|Any CPU
		Release|Any CPU = Release|Any CPU
	EndGlobalSection
	GlobalSection(ProjectConfigurationPlatforms) = postSolution
		{E13059D7-6415-593A-7988-CD1963B4B59F}.Debug|Any CPU.ActiveCfg = Debug|Any CPU
		{E13059D7-6415-593A-7988-CD1963B4B59F}.Debug|Any CPU.Build.0 = Debug|Any CPU
		{E13059D7-6415-593A-7988-CD1963B4B59F}.Release|Any CPU.ActiveCfg = Release|Any CPU
		{E13059D7-6415-593A-7988-CD1963B4B59F}.Release|Any CPU.Build.0 = Release|Any CPU
	EndGlobalSection
	GlobalSection(SolutionProperties) = preSolution
		HideSolutionNode = FALSE
	EndGlobalSection
	GlobalSection(ExtensibilityGlobals) = postSolution
		SolutionGuid = {4F0D4188-4806-4526-87A4-8D6F747D387E}
	EndGlobalSection
EndGlobal
