Microsoft Visual Studio Solution File, Format Version 12.00
# Visual Studio Version 17
VisualStudioVersion = 17.5.2.0
MinimumVisualStudioVersion = 10.0.40219.1
Project("{FAE04EC0-301F-11D3-BF4B-00C04F79EFBC}") = "CSharpConcepts", "CSharpConcepts.csproj", "{9216F164-1439-6EFC-C976-3D23BF799E93}"
EndProject
Global
	GlobalSection(SolutionConfigurationPlatforms) = preSolution
		Debug|Any CPU = Debug|Any CPU
		Release|Any CPU = Release|Any CPU
	EndGlobalSection
	GlobalSection(ProjectConfigurationPlatforms) = postSolution
		{9216F164-1439-6EFC-C976-3D23BF799E93}.Debug|Any CPU.ActiveCfg = Debug|Any CPU
		{9216F164-1439-6EFC-C976-3D23BF799E93}.Debug|Any CPU.Build.0 = Debug|Any CPU
		{9216F164-1439-6EFC-C976-3D23BF799E93}.Release|Any CPU.ActiveCfg = Release|Any CPU
		{9216F164-1439-6EFC-C976-3D23BF799E93}.Release|Any CPU.Build.0 = Release|Any CPU
	EndGlobalSection
	GlobalSection(SolutionProperties) = preSolution
		HideSolutionNode = FALSE
	EndGlobalSection
	GlobalSection(ExtensibilityGlobals) = postSolution
		SolutionGuid = {812E9394-58F1-455C-8607-69F89714ACA1}
	EndGlobalSection
EndGlobal
